
Microsoft Visual Studio Solution File, Format Version 12.00
# Visual Studio Version 17
VisualStudioVersion = 17.9.34728.123
MinimumVisualStudioVersion = 10.0.40219.1
Project("{FAE04EC0-301F-11D3-BF4B-00C04F79EFBC}") = "AzureMonitorTest", "AzureMonitorTest\AzureMonitorTest.csproj", "{2701D4C2-274C-4562-93C6-43BF5509EB02}"
EndProject
Global
	GlobalSection(SolutionConfigurationPlatforms) = preSolution
		Debug|Any CPU = Debug|Any CPU
		Release|Any CPU = Release|Any CPU
	EndGlobalSection
	GlobalSection(ProjectConfigurationPlatforms) = postSolution
		{2701D4C2-274C-4562-93C6-43BF5509EB02}.Debug|Any CPU.ActiveCfg = Debug|Any CPU
		{2701D4C2-274C-4562-93C6-43BF5509EB02}.Debug|Any CPU.Build.0 = Debug|Any CPU
		{2701D4C2-274C-4562-93C6-43BF5509EB02}.Release|Any CPU.ActiveCfg = Release|Any CPU
		{2701D4C2-274C-4562-93C6-43BF5509EB02}.Release|Any CPU.Build.0 = Release|Any CPU
	EndGlobalSection
	GlobalSection(SolutionProperties) = preSolution
		HideSolutionNode = FALSE
	EndGlobalSection
	GlobalSection(ExtensibilityGlobals) = postSolution
		SolutionGuid = {92007F26-5472-4845-AD73-2E2A48466C15}
	EndGlobalSection
EndGlobal
